
Microsoft Visual Studio Solution File, Format Version 12.00
# Visual Studio Version 16
VisualStudioVersion = 16.0.30320.27
MinimumVisualStudioVersion = 10.0.40219.1
Project("{FAE04EC0-301F-11D3-BF4B-00C04F79EFBC}") = "ConsoleRPG", "ConsoleRPG\ConsoleRPG.csproj", "{C35244B6-DB69-452B-A234-D44EB3AE68CF}"
EndProject
Global
	GlobalSection(SolutionConfigurationPlatforms) = preSolution
		Debug|Any CPU = Debug|Any CPU
		Release|Any CPU = Release|Any CPU
	EndGlobalSection
	GlobalSection(ProjectConfigurationPlatforms) = postSolution
		{C35244B6-DB69-452B-A234-D44EB3AE68CF}.Debug|Any CPU.ActiveCfg = Debug|Any CPU
		{C35244B6-DB69-452B-A234-D44EB3AE68CF}.Debug|Any CPU.Build.0 = Debug|Any CPU
		{C35244B6-DB69-452B-A234-D44EB3AE68CF}.Release|Any CPU.ActiveCfg = Release|Any CPU
		{C35244B6-DB69-452B-A234-D44EB3AE68CF}.Release|Any CPU.Build.0 = Release|Any CPU
	EndGlobalSection
	GlobalSection(SolutionProperties) = preSolution
		HideSolutionNode = FALSE
	EndGlobalSection
	GlobalSection(ExtensibilityGlobals) = postSolution
		SolutionGuid = {478605E4-6103-4479-A8E1-37EEF2127C35}
	EndGlobalSection
EndGlobal
